
Microsoft Visual Studio Solution File, Format Version 12.00
# Visual Studio Version 17
VisualStudioVersion = 17.7.34031.279
MinimumVisualStudioVersion = 10.0.40219.1
Project("{FAE04EC0-301F-11D3-BF4B-00C04F79EFBC}") = "Lab5", "Lab5\Lab5.csproj", "{7BA60CA5-70EA-4F77-9304-6EEA993410DE}"
EndProject
Global
	GlobalSection(SolutionConfigurationPlatforms) = preSolution
		Debug|Any CPU = Debug|Any CPU
		Release|Any CPU = Release|Any CPU
	EndGlobalSection
	GlobalSection(ProjectConfigurationPlatforms) = postSolution
		{7BA60CA5-70EA-4F77-9304-6EEA993410DE}.Debug|Any CPU.ActiveCfg = Debug|Any CPU
		{7BA60CA5-70EA-4F77-9304-6EEA993410DE}.Debug|Any CPU.Build.0 = Debug|Any CPU
		{7BA60CA5-70EA-4F77-9304-6EEA993410DE}.Release|Any CPU.ActiveCfg = Release|Any CPU
		{7BA60CA5-70EA-4F77-9304-6EEA993410DE}.Release|Any CPU.Build.0 = Release|Any CPU
	EndGlobalSection
	GlobalSection(SolutionProperties) = preSolution
		HideSolutionNode = FALSE
	EndGlobalSection
	GlobalSection(ExtensibilityGlobals) = postSolution
		SolutionGuid = {0A894B48-94CF-4390-B76F-595DCAAC2D09}
	EndGlobalSection
EndGlobal
